
Microsoft Visual Studio Solution File, Format Version 12.00
# Visual Studio Version 16
VisualStudioVersion = 16.0.29926.136
MinimumVisualStudioVersion = 10.0.40219.1
Project("{FAE04EC0-301F-11D3-BF4B-00C04F79EFBC}") = "MPHOMS.Web", "MPHOMS.Web\MPHOMS.Web.csproj", "{ECDD9531-1D49-4588-BC6F-CB04A2887F6E}"
EndProject
Global
	GlobalSection(SolutionConfigurationPlatforms) = preSolution
		Debug|Any CPU = Debug|Any CPU
		Release|Any CPU = Release|Any CPU
	EndGlobalSection
	GlobalSection(ProjectConfigurationPlatforms) = postSolution
		{ECDD9531-1D49-4588-BC6F-CB04A2887F6E}.Debug|Any CPU.ActiveCfg = Debug|Any CPU
		{ECDD9531-1D49-4588-BC6F-CB04A2887F6E}.Debug|Any CPU.Build.0 = Debug|Any CPU
		{ECDD9531-1D49-4588-BC6F-CB04A2887F6E}.Release|Any CPU.ActiveCfg = Release|Any CPU
		{ECDD9531-1D49-4588-BC6F-CB04A2887F6E}.Release|Any CPU.Build.0 = Release|Any CPU
	EndGlobalSection
	GlobalSection(SolutionProperties) = preSolution
		HideSolutionNode = FALSE
	EndGlobalSection
	GlobalSection(ExtensibilityGlobals) = postSolution
		SolutionGuid = {1CE8482D-C646-4AF2-B19B-B84F9743A92D}
	EndGlobalSection
EndGlobal
